# THIS IS AN AUTOGENERATED FILE. DO NOT EDIT THIS FILE DIRECTLY.
# yarn lockfile v1


node-websocket@^0.1.6:
  version "0.1.6"
  resolved "https://registry.npmmirror.com/node-websocket/-/node-websocket-0.1.6.tgz#408d57626f8c75393a0b9fa6fa89025c47efaa8e"
  integrity sha512-1/wQtDEYwJWwiuTqmyCUsdzahNmMyiiWeLKLZTEXlvEyMQIjkAb5cirtaOcjes52F3sZW7spLvpmJNWO0Pob9w==

pako@^2.1.0:
  version "2.1.0"
  resolved "https://registry.npmmirror.com/pako/-/pako-2.1.0.tgz#266cc37f98c7d883545d11335c00fbd4062c9a86"
  integrity sha512-w+eufiZ1WuJYgPXbV/PO3NCMEc3xqylkKHzp8bxp1uW4qaSNQUkwmLLEc3kKsfz8lpV1F8Ht3U1Cm+9Srog2ug==

ws@^8.14.1:
  version "8.14.1"
  resolved "https://registry.npmmirror.com/ws/-/ws-8.14.1.tgz#4b9586b4f70f9e6534c7bb1d3dc0baa8b8cf01e0"
  integrity sha512-4OOseMUq8AzRBI/7SLMUwO+FEDnguetSk7KMb1sHwvF2w2Wv5Hoj0nlifx8vtGsftE/jWHojPy8sMMzYLJ2G/A==
