# THIS IS AN AUTOGENERATED FILE. DO NOT EDIT THIS FILE DIRECTLY.
# yarn lockfile v1


"node-websocket@^0.1.6":
  "integrity" "sha512-1/wQtDEYwJWwiuTqmyCUsdzahNmMyiiWeLKLZTEXlvEyMQIjkAb5cirtaOcjes52F3sZW7spLvpmJNWO0Pob9w=="
  "resolved" "https://registry.npmmirror.com/node-websocket/-/node-websocket-0.1.6.tgz"
  "version" "0.1.6"

"pako@^2.1.0":
  "integrity" "sha512-w+eufiZ1WuJYgPXbV/PO3NCMEc3xqylkKHzp8bxp1uW4qaSNQUkwmLLEc3kKsfz8lpV1F8Ht3U1Cm+9Srog2ug=="
  "resolved" "https://registry.npmmirror.com/pako/-/pako-2.1.0.tgz"
  "version" "2.1.0"

"ws@^8.14.1":
  "integrity" "sha512-4OOseMUq8AzRBI/7SLMUwO+FEDnguetSk7KMb1sHwvF2w2Wv5Hoj0nlifx8vtGsftE/jWHojPy8sMMzYLJ2G/A=="
  "resolved" "https://registry.npmmirror.com/ws/-/ws-8.14.1.tgz"
  "version" "8.14.1"
